PODS:
  - MYLib (0.0.1)

DEPENDENCIES:
  - MYLib (from `https://github.com/MingYi-Chen/MYLib.git`)

EXTERNAL SOURCES:
  MYLib:
    :git: https://github.com/MingYi-Chen/MYLib.git

CHECKOUT OPTIONS:
  MYLib:
    :commit: 28d247bd9d30d81815bd6b4a4d1e18566bd96f65
    :git: https://github.com/MingYi-Chen/MYLib.git

SPEC CHECKSUMS:
  MYLib: 3f76980bc095fd420e1bb2826242e30653b3f8b5

PODFILE CHECKSUM: 4e791a74d9720aee7d13a3cb7fe69199d560a596

COCOAPODS: 1.1.1
